<?xml version="1.0" encoding="utf-8"?>
<Project ToolsVersion="4.0" xmlns="http://schemas.microsoft.com/developer/msbuild/2003">
  <ItemGroup>
    <ClCompile Include="AnimatedObject.cpp" />
    <ClCompile Include="ArcherTower.cpp" />
    <ClCompile Include="CollisionCircle.cpp" />
    <ClCompile Include="Demon.cpp" />
    <ClCompile Include="Game.cpp" />
    <ClCompile Include="ContentPipeline.cpp" />
    <ClCompile Include="GameObject.cpp" />
    <ClCompile Include="HealthBar.cpp" />
    <ClCompile Include="Hud.cpp" />
    <ClCompile Include="KingTower.cpp" />
    <ClCompile Include="MageTower.cpp" />
    <ClCompile Include="Main.cpp" />
    <ClCompile Include="Projectile.cpp" />
    <ClCompile Include="EndScene.cpp" />
    <ClCompile Include="GameScene.cpp" />
    <ClCompile Include="TitleScene.cpp" />
    <ClCompile Include="TransitionScene.cpp" />
    <ClCompile Include="Spell.cpp" />
    <ClCompile Include="Subject.cpp" />
    <ClCompile Include="Tower.cpp" />
    <ClCompile Include="TowerEmplacement.cpp" />
    <ClCompile Include="Waypoint.cpp" />
    <ClCompile Include="ShootingTower.cpp" />
  </ItemGroup>
  <ItemGroup>
    <ClInclude Include="AnimatedObject.h" />
    <ClInclude Include="ArcherTower.h" />
    <ClInclude Include="CollisionCircle.h" />
    <ClInclude Include="Constants.h" />
    <ClInclude Include="Demon.h" />
    <ClInclude Include="Game.h" />
    <ClInclude Include="ContentPipeline.h" />
    <ClInclude Include="GameObject.h" />
    <ClInclude Include="HealthBar.h" />
    <ClInclude Include="Hud.h" />
    <ClInclude Include="Inputs.h" />
    <ClInclude Include="IObserver.h" />
    <ClInclude Include="KingTower.h" />
    <ClInclude Include="MageTower.h" />
    <ClInclude Include="Projectile.h" />
    <ClInclude Include="Scene.h" />
    <ClInclude Include="EndScene.h" />
    <ClInclude Include="GameScene.h" />
    <ClInclude Include="ShootingTower.h" />
    <ClInclude Include="TitleScene.h" />
    <ClInclude Include="TowersType.h" />
    <ClInclude Include="TransitionScene.h" />
    <ClInclude Include="Spell.h" />
    <ClInclude Include="Subject.h" />
    <ClInclude Include="Tower.h" />
    <ClInclude Include="TowerEmplacement.h" />
    <ClInclude Include="Waypoint.h" />
  </ItemGroup>
  <ItemGroup>
    <Image Include="Ressources\Sprites\Characters\DarkKnight.png" />
    <Image Include="Ressources\Sprites\Characters\Demon.png" />
    <Image Include="Ressources\Sprites\Characters\Knight.png" />
    <Image Include="Ressources\Sprites\LifeBar\GreenBar.png" />
    <Image Include="Ressources\Sprites\LifeBar\RedBar.png" />
    <Image Include="Ressources\Sprites\Maps\HudMask.png" />
    <Image Include="Ressources\Sprites\Maps\Map1.png" />
    <Image Include="Ressources\Sprites\Maps\Map2.png" />
    <Image Include="Ressources\Sprites\Maps\Map3.png" />
    <Image Include="Ressources\Sprites\Misc\Flag.png" />
    <Image Include="Ressources\Sprites\Misc\Icon.png" />
    <Image Include="Ressources\Sprites\Misc\TowerEmplacement.png" />
    <Image Include="Ressources\Sprites\Misc\Waypoint.png" />
    <Image Include="Ressources\Sprites\Projectiles\Arrow.png" />
    <Image Include="Ressources\Sprites\Projectiles\Blast.png" />
    <Image Include="Ressources\Sprites\Projectiles\Fireball.png" />
    <Image Include="Ressources\Sprites\Screens\GameOver.png" />
    <Image Include="Ressources\Sprites\Screens\Title.jpg" />
    <Image Include="Ressources\Sprites\Screens\Victory.png" />
    <Image Include="Ressources\Sprites\Spells\Plague.png" />
    <Image Include="Ressources\Sprites\Spells\Runes.png" />
    <Image Include="Ressources\Sprites\Spells\SacredLight.png" />
    <Image Include="Ressources\Sprites\Towers\ArcherTower.png" />
    <Image Include="Ressources\Sprites\Towers\KingTower.png" />
    <Image Include="Ressources\Sprites\Towers\KnightTower.png" />
    <Image Include="Ressources\Sprites\Towers\MageTower.png" />
  </ItemGroup>
  <ItemGroup>
    <Font Include="Ressources\Font\comici.ttf" />
  </ItemGroup>
  <ItemGroup>
    <None Include="Ressources\Sounds\Music\EndGameTheme.ogg" />
    <None Include="Ressources\Sounds\Music\Theme01.ogg" />
    <None Include="Ressources\Sounds\Music\Theme02.ogg" />
    <None Include="Ressources\Sounds\Music\Theme03.ogg" />
    <None Include="Ressources\Sounds\Music\TitleTheme.ogg" />
    <None Include="Ressources\Sounds\Music\VictoryTheme.ogg" />
    <None Include="Ressources\Sounds\SFX\ArcherAttack.ogg" />
    <None Include="Ressources\Sounds\SFX\BuildingCrumbling.ogg" />
    <None Include="Ressources\Sounds\SFX\DemonAttack.ogg" />
    <None Include="Ressources\Sounds\SFX\EnemyDies.ogg" />
    <None Include="Ressources\Sounds\SFX\Hit.ogg" />
    <None Include="Ressources\Sounds\SFX\KnightAttack.ogg" />
    <None Include="Ressources\Sounds\SFX\MageAttack.ogg" />
    <None Include="Ressources\Sounds\SFX\PlaceTower.ogg" />
  </ItemGroup>
</Project>